
Microsoft Visual Studio Solution File, Format Version 12.00
# Visual Studio Version 16
VisualStudioVersion = 16.0.31702.278
MinimumVisualStudioVersion = 10.0.40219.1
Project("{9A19103F-16F7-4668-BE54-9A1E7A4F7556}") = "Web", "Web\Web.csproj", "{E9045AD2-215D-4E42-A1C9-B05CEC654098}"
EndProject
Project("{9A19103F-16F7-4668-BE54-9A1E7A4F7556}") = "WebApi", "WebApi\WebApi.csproj", "{77E811D4-95FE-4730-A4B8-9246D2716142}"
EndProject
Global
	GlobalSection(SolutionConfigurationPlatforms) = preSolution
		Debug|Any CPU = Debug|Any CPU
		Release|Any CPU = Release|Any CPU
	EndGlobalSection
	GlobalSection(ProjectConfigurationPlatforms) = postSolution
		{E9045AD2-215D-4E42-A1C9-B05CEC654098}.Debug|Any CPU.ActiveCfg = Debug|Any CPU
		{E9045AD2-215D-4E42-A1C9-B05CEC654098}.Debug|Any CPU.Build.0 = Debug|Any CPU
		{E9045AD2-215D-4E42-A1C9-B05CEC654098}.Release|Any CPU.ActiveCfg = Release|Any CPU
		{E9045AD2-215D-4E42-A1C9-B05CEC654098}.Release|Any CPU.Build.0 = Release|Any CPU
		{77E811D4-95FE-4730-A4B8-9246D2716142}.Debug|Any CPU.ActiveCfg = Debug|Any CPU
		{77E811D4-95FE-4730-A4B8-9246D2716142}.Debug|Any CPU.Build.0 = Debug|Any CPU
		{77E811D4-95FE-4730-A4B8-9246D2716142}.Release|Any CPU.ActiveCfg = Release|Any CPU
		{77E811D4-95FE-4730-A4B8-9246D2716142}.Release|Any CPU.Build.0 = Release|Any CPU
	EndGlobalSection
	GlobalSection(SolutionProperties) = preSolution
		HideSolutionNode = FALSE
	EndGlobalSection
	GlobalSection(ExtensibilityGlobals) = postSolution
		SolutionGuid = {471C4CB0-89FF-494C-84B1-26538E22768D}
	EndGlobalSection
EndGlobal
